
Microsoft Visual Studio Solution File, Format Version 12.00
# Visual Studio 2013
VisualStudioVersion = 12.0.31101.0
MinimumVisualStudioVersion = 10.0.40219.1
Project("{FAE04EC0-301F-11D3-BF4B-00C04F79EFBC}") = "UrnaApi.Dominio", "UrnaApi.Dominio\UrnaApi.Dominio.csproj", "{7BC75F82-31AA-447D-93CF-F267772AF2FB}"
EndProject
Project("{FAE04EC0-301F-11D3-BF4B-00C04F79EFBC}") = "Urna.Dominio.Teste", "Urna.Dominio.Teste\Urna.Dominio.Teste.csproj", "{83FB1307-9DB2-4E24-AA68-2478FF3448E6}"
EndProject
Global
	GlobalSection(SolutionConfigurationPlatforms) = preSolution
		Debug|Any CPU = Debug|Any CPU
		Release|Any CPU = Release|Any CPU
	EndGlobalSection
	GlobalSection(ProjectConfigurationPlatforms) = postSolution
		{7BC75F82-31AA-447D-93CF-F267772AF2FB}.Debug|Any CPU.ActiveCfg = Debug|Any CPU
		{7BC75F82-31AA-447D-93CF-F267772AF2FB}.Debug|Any CPU.Build.0 = Debug|Any CPU
		{7BC75F82-31AA-447D-93CF-F267772AF2FB}.Release|Any CPU.ActiveCfg = Release|Any CPU
		{7BC75F82-31AA-447D-93CF-F267772AF2FB}.Release|Any CPU.Build.0 = Release|Any CPU
		{83FB1307-9DB2-4E24-AA68-2478FF3448E6}.Debug|Any CPU.ActiveCfg = Debug|Any CPU
		{83FB1307-9DB2-4E24-AA68-2478FF3448E6}.Debug|Any CPU.Build.0 = Debug|Any CPU
		{83FB1307-9DB2-4E24-AA68-2478FF3448E6}.Release|Any CPU.ActiveCfg = Release|Any CPU
		{83FB1307-9DB2-4E24-AA68-2478FF3448E6}.Release|Any CPU.Build.0 = Release|Any CPU
	EndGlobalSection
	GlobalSection(SolutionProperties) = preSolution
		HideSolutionNode = FALSE
	EndGlobalSection
EndGlobal
